
Microsoft Visual Studio Solution File, Format Version 12.00
# Visual Studio Version 17
VisualStudioVersion = 17.11.35303.130
MinimumVisualStudioVersion = 10.0.40219.1
Project("{8BC9CEB8-8B4A-11D0-8D11-00A0C91BC942}") = "BaekJoon_Answer_ReadMe", "BaekJoon_Answer\BaekJoon_Answer.vcxproj", "{52FF2E00-FBC4-48C9-9F4A-B27F0688CB3F}"
EndProject
Project("{8BC9CEB8-8B4A-11D0-8D11-00A0C91BC942}") = "1000", "1000\1000.vcxproj", "{E5EB8769-BC37-4E10-93C3-FE03A428984F}"
EndProject
Project("{8BC9CEB8-8B4A-11D0-8D11-00A0C91BC942}") = "1001", "1001\1001.vcxproj", "{1DF65C7E-FB00-413B-92C3-D445971D8ADD}"
EndProject
Project("{8BC9CEB8-8B4A-11D0-8D11-00A0C91BC942}") = "1330", "1330\1330.vcxproj", "{43298BA3-01EA-48F9-9C3D-0E21119FB2A7}"
EndProject
Project("{8BC9CEB8-8B4A-11D0-8D11-00A0C91BC942}") = "1550", "1550\1550.vcxproj", "{53D6FA5E-8A38-4CA8-98C3-268F9168BA2F}"
EndProject
Project("{8BC9CEB8-8B4A-11D0-8D11-00A0C91BC942}") = "2557", "2557\2557.vcxproj", "{0FECB034-478B-4A12-95F3-1D68AEF444A8}"
EndProject
Project("{8BC9CEB8-8B4A-11D0-8D11-00A0C91BC942}") = "2558", "2558\2558.vcxproj", "{1DAC8351-45C8-409F-8304-C97982DC2C6A}"
EndProject
Project("{8BC9CEB8-8B4A-11D0-8D11-00A0C91BC942}") = "2741", "2741\2741.vcxproj", "{2F5D335A-6F6D-4777-91D2-1920E822B247}"
EndProject
Project("{8BC9CEB8-8B4A-11D0-8D11-00A0C91BC942}") = "2742", "2742\2742.vcxproj", "{19F07E91-672F-4142-9F23-72D38D30305F}"
EndProject
Project("{8BC9CEB8-8B4A-11D0-8D11-00A0C91BC942}") = "2752", "2752\2752.vcxproj", "{7E7A5DE6-2498-4E8B-B981-69C8795339DD}"
EndProject
Project("{8BC9CEB8-8B4A-11D0-8D11-00A0C91BC942}") = "MyTemplate_C", "MyTemplate_C\MyTemplate_C.vcxproj", "{F13AD620-1E13-4E0E-895F-4E01F7439EAB}"
EndProject
Project("{8BC9CEB8-8B4A-11D0-8D11-00A0C91BC942}") = "2753", "2753\2753.vcxproj", "{548CE7D2-589E-4C40-99E6-FA1F1DA25A2D}"
EndProject
Project("{8BC9CEB8-8B4A-11D0-8D11-00A0C91BC942}") = "4101", "4101\4101.vcxproj", "{71BA1ECF-C218-4F3C-B1E0-3911EF2890F1}"
EndProject
Project("{8BC9CEB8-8B4A-11D0-8D11-00A0C91BC942}") = "4562", "4562\4562.vcxproj", "{B560F10D-6FE7-4819-B558-F5003F6AD0BB}"
EndProject
Project("{8BC9CEB8-8B4A-11D0-8D11-00A0C91BC942}") = "4892", "4892\4892.vcxproj", "{10662102-EBB3-47E9-8F3E-AB8705171446}"
EndProject
Project("{8BC9CEB8-8B4A-11D0-8D11-00A0C91BC942}") = "5217", "5217\5217.vcxproj", "{87E6F67F-517A-45B3-B866-8C8DB2B85B9F}"
EndProject
Project("{8BC9CEB8-8B4A-11D0-8D11-00A0C91BC942}") = "5337", "5337\5337.vcxproj", "{2013CE6A-B9D9-44BA-A9CC-0CF7FC0B8CD3}"
EndProject
Project("{8BC9CEB8-8B4A-11D0-8D11-00A0C91BC942}") = "5338", "5338\5338.vcxproj", "{2E2025FB-4487-440F-BE29-14019CB2F1B3}"
EndProject
Project("{8BC9CEB8-8B4A-11D0-8D11-00A0C91BC942}") = "5339", "5339\5339.vcxproj", "{9F0E0C8C-3818-49FE-8EFB-4FF659141408}"
EndProject
Project("{8BC9CEB8-8B4A-11D0-8D11-00A0C91BC942}") = "5522", "5522\5522.vcxproj", "{28DF571C-1AD0-4085-A3C1-D8CB263CEFDD}"
EndProject
Project("{8BC9CEB8-8B4A-11D0-8D11-00A0C91BC942}") = "6749", "6749\6749.vcxproj", "{C6EF2C90-3110-478F-85A2-D963E690B1AD}"
EndProject
Project("{8BC9CEB8-8B4A-11D0-8D11-00A0C91BC942}") = "6778", "6778\6778.vcxproj", "{B122B608-CA01-4F68-B56D-C5869C90E7DA}"
EndProject
Project("{8BC9CEB8-8B4A-11D0-8D11-00A0C91BC942}") = "6810", "6810\6810.vcxproj", "{0F406C29-9915-4DB9-8B78-EB7885809966}"
EndProject
Project("{8BC9CEB8-8B4A-11D0-8D11-00A0C91BC942}") = "7287", "7287\7287.vcxproj", "{72F52281-C9D2-4202-B6C6-009BAC9B387A}"
EndProject
Project("{8BC9CEB8-8B4A-11D0-8D11-00A0C91BC942}") = "7891", "7891\7891.vcxproj", "{CB8EE2DF-E8FB-4A05-AF3C-1CD4F42586F6}"
EndProject
Project("{8BC9CEB8-8B4A-11D0-8D11-00A0C91BC942}") = "8370", "8370\8370.vcxproj", "{8DCD73D0-6FA9-485A-9AD6-7400CF6672E7}"
EndProject
Project("{8BC9CEB8-8B4A-11D0-8D11-00A0C91BC942}") = "8393", "8393\8393.vcxproj", "{16156A16-9B5F-48A9-AAC3-CAABA6C81ED5}"
EndProject
Project("{8BC9CEB8-8B4A-11D0-8D11-00A0C91BC942}") = "9316", "9316\9316.vcxproj", "{289FBCA6-C1D8-48F5-8B0F-F47D994301B2}"
EndProject
Project("{8BC9CEB8-8B4A-11D0-8D11-00A0C91BC942}") = "9653", "9653\9653.vcxproj", "{981C2A1A-83A0-48D9-8B4A-9ED93BC44D74}"
EndProject
Project("{8BC9CEB8-8B4A-11D0-8D11-00A0C91BC942}") = "9654", "9654\9654.vcxproj", "{307D380A-2D42-46F7-AE5B-E8F3B77E255F}"
EndProject
Project("{8BC9CEB8-8B4A-11D0-8D11-00A0C91BC942}") = "9713", "9713\9713.vcxproj", "{A0D32820-6F0D-4508-ACDE-C05EE87CBF05}"
EndProject
Project("{8BC9CEB8-8B4A-11D0-8D11-00A0C91BC942}") = "10093", "10093\10093.vcxproj", "{33DAB5C8-68D8-4C02-9A94-CBD9B8ABA398}"
EndProject
Project("{8BC9CEB8-8B4A-11D0-8D11-00A0C91BC942}") = "10170", "10170\10170.vcxproj", "{F4375E2B-B9DF-4BFA-8904-1D3A53C8D30F}"
EndProject
Project("{8BC9CEB8-8B4A-11D0-8D11-00A0C91BC942}") = "10171", "10171\10171.vcxproj", "{55BD9D98-51F6-4132-85E0-FE3A93968FCA}"
EndProject
Project("{8BC9CEB8-8B4A-11D0-8D11-00A0C91BC942}") = "10172", "10172\10172.vcxproj", "{E9E94C86-DB53-407C-88C5-08CB7E902827}"
EndProject
Project("{8BC9CEB8-8B4A-11D0-8D11-00A0C91BC942}") = "10699", "10699\10699.vcxproj", "{6D623D72-1873-4F37-BDBC-18EE15FAF704}"
EndProject
Project("{8BC9CEB8-8B4A-11D0-8D11-00A0C91BC942}") = "10718", "10718\10718.vcxproj", "{B95C99B6-AD38-41D1-B5FC-D5A234228F28}"
EndProject
Project("{8BC9CEB8-8B4A-11D0-8D11-00A0C91BC942}") = "10817", "10817\10817.vcxproj", "{782A98B2-2D5B-43A4-8194-91357EB105F9}"
EndProject
Project("{8BC9CEB8-8B4A-11D0-8D11-00A0C91BC942}") = "10926", "10926\10926.vcxproj", "{F0A6AC1B-96CA-4B2D-8DB7-2D9971490CE8}"
EndProject
Project("{8BC9CEB8-8B4A-11D0-8D11-00A0C91BC942}") = "11104", "11104\11104.vcxproj", "{D6BBBAF3-880A-4256-9007-1F7355DDA1F5}"
EndProject
Global
	GlobalSection(SolutionConfigurationPlatforms) = preSolution
		Debug|x64 = Debug|x64
		Debug|x86 = Debug|x86
		Release|x64 = Release|x64
		Release|x86 = Release|x86
	EndGlobalSection
	GlobalSection(ProjectConfigurationPlatforms) = postSolution
		{52FF2E00-FBC4-48C9-9F4A-B27F0688CB3F}.Debug|x64.ActiveCfg = Debug|x64
		{52FF2E00-FBC4-48C9-9F4A-B27F0688CB3F}.Debug|x64.Build.0 = Debug|x64
		{52FF2E00-FBC4-48C9-9F4A-B27F0688CB3F}.Debug|x86.ActiveCfg = Debug|Win32
		{52FF2E00-FBC4-48C9-9F4A-B27F0688CB3F}.Debug|x86.Build.0 = Debug|Win32
		{52FF2E00-FBC4-48C9-9F4A-B27F0688CB3F}.Release|x64.ActiveCfg = Release|x64
		{52FF2E00-FBC4-48C9-9F4A-B27F0688CB3F}.Release|x64.Build.0 = Release|x64
		{52FF2E00-FBC4-48C9-9F4A-B27F0688CB3F}.Release|x86.ActiveCfg = Release|Win32
		{52FF2E00-FBC4-48C9-9F4A-B27F0688CB3F}.Release|x86.Build.0 = Release|Win32
		{E5EB8769-BC37-4E10-93C3-FE03A428984F}.Debug|x64.ActiveCfg = Debug|x64
		{E5EB8769-BC37-4E10-93C3-FE03A428984F}.Debug|x64.Build.0 = Debug|x64
		{E5EB8769-BC37-4E10-93C3-FE03A428984F}.Debug|x86.ActiveCfg = Debug|Win32
		{E5EB8769-BC37-4E10-93C3-FE03A428984F}.Debug|x86.Build.0 = Debug|Win32
		{E5EB8769-BC37-4E10-93C3-FE03A428984F}.Release|x64.ActiveCfg = Release|x64
		{E5EB8769-BC37-4E10-93C3-FE03A428984F}.Release|x64.Build.0 = Release|x64
		{E5EB8769-BC37-4E10-93C3-FE03A428984F}.Release|x86.ActiveCfg = Release|Win32
		{E5EB8769-BC37-4E10-93C3-FE03A428984F}.Release|x86.Build.0 = Release|Win32
		{1DF65C7E-FB00-413B-92C3-D445971D8ADD}.Debug|x64.ActiveCfg = Debug|x64
		{1DF65C7E-FB00-413B-92C3-D445971D8ADD}.Debug|x64.Build.0 = Debug|x64
		{1DF65C7E-FB00-413B-92C3-D445971D8ADD}.Debug|x86.ActiveCfg = Debug|Win32
		{1DF65C7E-FB00-413B-92C3-D445971D8ADD}.Debug|x86.Build.0 = Debug|Win32
		{1DF65C7E-FB00-413B-92C3-D445971D8ADD}.Release|x64.ActiveCfg = Release|x64
		{1DF65C7E-FB00-413B-92C3-D445971D8ADD}.Release|x64.Build.0 = Release|x64
		{1DF65C7E-FB00-413B-92C3-D445971D8ADD}.Release|x86.ActiveCfg = Release|Win32
		{1DF65C7E-FB00-413B-92C3-D445971D8ADD}.Release|x86.Build.0 = Release|Win32
		{43298BA3-01EA-48F9-9C3D-0E21119FB2A7}.Debug|x64.ActiveCfg = Debug|x64
		{43298BA3-01EA-48F9-9C3D-0E21119FB2A7}.Debug|x64.Build.0 = Debug|x64
		{43298BA3-01EA-48F9-9C3D-0E21119FB2A7}.Debug|x86.ActiveCfg = Debug|Win32
		{43298BA3-01EA-48F9-9C3D-0E21119FB2A7}.Debug|x86.Build.0 = Debug|Win32
		{43298BA3-01EA-48F9-9C3D-0E21119FB2A7}.Release|x64.ActiveCfg = Release|x64
		{43298BA3-01EA-48F9-9C3D-0E21119FB2A7}.Release|x64.Build.0 = Release|x64
		{43298BA3-01EA-48F9-9C3D-0E21119FB2A7}.Release|x86.ActiveCfg = Release|Win32
		{43298BA3-01EA-48F9-9C3D-0E21119FB2A7}.Release|x86.Build.0 = Release|Win32
		{53D6FA5E-8A38-4CA8-98C3-268F9168BA2F}.Debug|x64.ActiveCfg = Debug|x64
		{53D6FA5E-8A38-4CA8-98C3-268F9168BA2F}.Debug|x64.Build.0 = Debug|x64
		{53D6FA5E-8A38-4CA8-98C3-268F9168BA2F}.Debug|x86.ActiveCfg = Debug|Win32
		{53D6FA5E-8A38-4CA8-98C3-268F9168BA2F}.Debug|x86.Build.0 = Debug|Win32
		{53D6FA5E-8A38-4CA8-98C3-268F9168BA2F}.Release|x64.ActiveCfg = Release|x64
		{53D6FA5E-8A38-4CA8-98C3-268F9168BA2F}.Release|x64.Build.0 = Release|x64
		{53D6FA5E-8A38-4CA8-98C3-268F9168BA2F}.Release|x86.ActiveCfg = Release|Win32
		{53D6FA5E-8A38-4CA8-98C3-268F9168BA2F}.Release|x86.Build.0 = Release|Win32
		{0FECB034-478B-4A12-95F3-1D68AEF444A8}.Debug|x64.ActiveCfg = Debug|x64
		{0FECB034-478B-4A12-95F3-1D68AEF444A8}.Debug|x64.Build.0 = Debug|x64
		{0FECB034-478B-4A12-95F3-1D68AEF444A8}.Debug|x86.ActiveCfg = Debug|Win32
		{0FECB034-478B-4A12-95F3-1D68AEF444A8}.Debug|x86.Build.0 = Debug|Win32
		{0FECB034-478B-4A12-95F3-1D68AEF444A8}.Release|x64.ActiveCfg = Release|x64
		{0FECB034-478B-4A12-95F3-1D68AEF444A8}.Release|x64.Build.0 = Release|x64
		{0FECB034-478B-4A12-95F3-1D68AEF444A8}.Release|x86.ActiveCfg = Release|Win32
		{0FECB034-478B-4A12-95F3-1D68AEF444A8}.Release|x86.Build.0 = Release|Win32
		{1DAC8351-45C8-409F-8304-C97982DC2C6A}.Debug|x64.ActiveCfg = Debug|x64
		{1DAC8351-45C8-409F-8304-C97982DC2C6A}.Debug|x64.Build.0 = Debug|x64
		{1DAC8351-45C8-409F-8304-C97982DC2C6A}.Debug|x86.ActiveCfg = Debug|Win32
		{1DAC8351-45C8-409F-8304-C97982DC2C6A}.Debug|x86.Build.0 = Debug|Win32
		{1DAC8351-45C8-409F-8304-C97982DC2C6A}.Release|x64.ActiveCfg = Release|x64
		{1DAC8351-45C8-409F-8304-C97982DC2C6A}.Release|x64.Build.0 = Release|x64
		{1DAC8351-45C8-409F-8304-C97982DC2C6A}.Release|x86.ActiveCfg = Release|Win32
		{1DAC8351-45C8-409F-8304-C97982DC2C6A}.Release|x86.Build.0 = Release|Win32
		{2F5D335A-6F6D-4777-91D2-1920E822B247}.Debug|x64.ActiveCfg = Debug|x64
		{2F5D335A-6F6D-4777-91D2-1920E822B247}.Debug|x64.Build.0 = Debug|x64
		{2F5D335A-6F6D-4777-91D2-1920E822B247}.Debug|x86.ActiveCfg = Debug|Win32
		{2F5D335A-6F6D-4777-91D2-1920E822B247}.Debug|x86.Build.0 = Debug|Win32
		{2F5D335A-6F6D-4777-91D2-1920E822B247}.Release|x64.ActiveCfg = Release|x64
		{2F5D335A-6F6D-4777-91D2-1920E822B247}.Release|x64.Build.0 = Release|x64
		{2F5D335A-6F6D-4777-91D2-1920E822B247}.Release|x86.ActiveCfg = Release|Win32
		{2F5D335A-6F6D-4777-91D2-1920E822B247}.Release|x86.Build.0 = Release|Win32
		{19F07E91-672F-4142-9F23-72D38D30305F}.Debug|x64.ActiveCfg = Debug|x64
		{19F07E91-672F-4142-9F23-72D38D30305F}.Debug|x64.Build.0 = Debug|x64
		{19F07E91-672F-4142-9F23-72D38D30305F}.Debug|x86.ActiveCfg = Debug|Win32
		{19F07E91-672F-4142-9F23-72D38D30305F}.Debug|x86.Build.0 = Debug|Win32
		{19F07E91-672F-4142-9F23-72D38D30305F}.Release|x64.ActiveCfg = Release|x64
		{19F07E91-672F-4142-9F23-72D38D30305F}.Release|x64.Build.0 = Release|x64
		{19F07E91-672F-4142-9F23-72D38D30305F}.Release|x86.ActiveCfg = Release|Win32
		{19F07E91-672F-4142-9F23-72D38D30305F}.Release|x86.Build.0 = Release|Win32
		{7E7A5DE6-2498-4E8B-B981-69C8795339DD}.Debug|x64.ActiveCfg = Debug|x64
		{7E7A5DE6-2498-4E8B-B981-69C8795339DD}.Debug|x64.Build.0 = Debug|x64
		{7E7A5DE6-2498-4E8B-B981-69C8795339DD}.Debug|x86.ActiveCfg = Debug|Win32
		{7E7A5DE6-2498-4E8B-B981-69C8795339DD}.Debug|x86.Build.0 = Debug|Win32
		{7E7A5DE6-2498-4E8B-B981-69C8795339DD}.Release|x64.ActiveCfg = Release|x64
		{7E7A5DE6-2498-4E8B-B981-69C8795339DD}.Release|x64.Build.0 = Release|x64
		{7E7A5DE6-2498-4E8B-B981-69C8795339DD}.Release|x86.ActiveCfg = Release|Win32
		{7E7A5DE6-2498-4E8B-B981-69C8795339DD}.Release|x86.Build.0 = Release|Win32
		{F13AD620-1E13-4E0E-895F-4E01F7439EAB}.Debug|x64.ActiveCfg = Debug|x64
		{F13AD620-1E13-4E0E-895F-4E01F7439EAB}.Debug|x64.Build.0 = Debug|x64
		{F13AD620-1E13-4E0E-895F-4E01F7439EAB}.Debug|x86.ActiveCfg = Debug|Win32
		{F13AD620-1E13-4E0E-895F-4E01F7439EAB}.Debug|x86.Build.0 = Debug|Win32
		{F13AD620-1E13-4E0E-895F-4E01F7439EAB}.Release|x64.ActiveCfg = Release|x64
		{F13AD620-1E13-4E0E-895F-4E01F7439EAB}.Release|x64.Build.0 = Release|x64
		{F13AD620-1E13-4E0E-895F-4E01F7439EAB}.Release|x86.ActiveCfg = Release|Win32
		{F13AD620-1E13-4E0E-895F-4E01F7439EAB}.Release|x86.Build.0 = Release|Win32
		{548CE7D2-589E-4C40-99E6-FA1F1DA25A2D}.Debug|x64.ActiveCfg = Debug|x64
		{548CE7D2-589E-4C40-99E6-FA1F1DA25A2D}.Debug|x64.Build.0 = Debug|x64
		{548CE7D2-589E-4C40-99E6-FA1F1DA25A2D}.Debug|x86.ActiveCfg = Debug|Win32
		{548CE7D2-589E-4C40-99E6-FA1F1DA25A2D}.Debug|x86.Build.0 = Debug|Win32
		{548CE7D2-589E-4C40-99E6-FA1F1DA25A2D}.Release|x64.ActiveCfg = Release|x64
		{548CE7D2-589E-4C40-99E6-FA1F1DA25A2D}.Release|x64.Build.0 = Release|x64
		{548CE7D2-589E-4C40-99E6-FA1F1DA25A2D}.Release|x86.ActiveCfg = Release|Win32
		{548CE7D2-589E-4C40-99E6-FA1F1DA25A2D}.Release|x86.Build.0 = Release|Win32
		{71BA1ECF-C218-4F3C-B1E0-3911EF2890F1}.Debug|x64.ActiveCfg = Debug|x64
		{71BA1ECF-C218-4F3C-B1E0-3911EF2890F1}.Debug|x64.Build.0 = Debug|x64
		{71BA1ECF-C218-4F3C-B1E0-3911EF2890F1}.Debug|x86.ActiveCfg = Debug|Win32
		{71BA1ECF-C218-4F3C-B1E0-3911EF2890F1}.Debug|x86.Build.0 = Debug|Win32
		{71BA1ECF-C218-4F3C-B1E0-3911EF2890F1}.Release|x64.ActiveCfg = Release|x64
		{71BA1ECF-C218-4F3C-B1E0-3911EF2890F1}.Release|x64.Build.0 = Release|x64
		{71BA1ECF-C218-4F3C-B1E0-3911EF2890F1}.Release|x86.ActiveCfg = Release|Win32
		{71BA1ECF-C218-4F3C-B1E0-3911EF2890F1}.Release|x86.Build.0 = Release|Win32
		{B560F10D-6FE7-4819-B558-F5003F6AD0BB}.Debug|x64.ActiveCfg = Debug|x64
		{B560F10D-6FE7-4819-B558-F5003F6AD0BB}.Debug|x64.Build.0 = Debug|x64
		{B560F10D-6FE7-4819-B558-F5003F6AD0BB}.Debug|x86.ActiveCfg = Debug|Win32
		{B560F10D-6FE7-4819-B558-F5003F6AD0BB}.Debug|x86.Build.0 = Debug|Win32
		{B560F10D-6FE7-4819-B558-F5003F6AD0BB}.Release|x64.ActiveCfg = Release|x64
		{B560F10D-6FE7-4819-B558-F5003F6AD0BB}.Release|x64.Build.0 = Release|x64
		{B560F10D-6FE7-4819-B558-F5003F6AD0BB}.Release|x86.ActiveCfg = Release|Win32
		{B560F10D-6FE7-4819-B558-F5003F6AD0BB}.Release|x86.Build.0 = Release|Win32
		{10662102-EBB3-47E9-8F3E-AB8705171446}.Debug|x64.ActiveCfg = Debug|x64
		{10662102-EBB3-47E9-8F3E-AB8705171446}.Debug|x64.Build.0 = Debug|x64
		{10662102-EBB3-47E9-8F3E-AB8705171446}.Debug|x86.ActiveCfg = Debug|Win32
		{10662102-EBB3-47E9-8F3E-AB8705171446}.Debug|x86.Build.0 = Debug|Win32
		{10662102-EBB3-47E9-8F3E-AB8705171446}.Release|x64.ActiveCfg = Release|x64
		{10662102-EBB3-47E9-8F3E-AB8705171446}.Release|x64.Build.0 = Release|x64
		{10662102-EBB3-47E9-8F3E-AB8705171446}.Release|x86.ActiveCfg = Release|Win32
		{10662102-EBB3-47E9-8F3E-AB8705171446}.Release|x86.Build.0 = Release|Win32
		{87E6F67F-517A-45B3-B866-8C8DB2B85B9F}.Debug|x64.ActiveCfg = Debug|x64
		{87E6F67F-517A-45B3-B866-8C8DB2B85B9F}.Debug|x64.Build.0 = Debug|x64
		{87E6F67F-517A-45B3-B866-8C8DB2B85B9F}.Debug|x86.ActiveCfg = Debug|Win32
		{87E6F67F-517A-45B3-B866-8C8DB2B85B9F}.Debug|x86.Build.0 = Debug|Win32
		{87E6F67F-517A-45B3-B866-8C8DB2B85B9F}.Release|x64.ActiveCfg = Release|x64
		{87E6F67F-517A-45B3-B866-8C8DB2B85B9F}.Release|x64.Build.0 = Release|x64
		{87E6F67F-517A-45B3-B866-8C8DB2B85B9F}.Release|x86.ActiveCfg = Release|Win32
		{87E6F67F-517A-45B3-B866-8C8DB2B85B9F}.Release|x86.Build.0 = Release|Win32
		{2013CE6A-B9D9-44BA-A9CC-0CF7FC0B8CD3}.Debug|x64.ActiveCfg = Debug|x64
		{2013CE6A-B9D9-44BA-A9CC-0CF7FC0B8CD3}.Debug|x64.Build.0 = Debug|x64
		{2013CE6A-B9D9-44BA-A9CC-0CF7FC0B8CD3}.Debug|x86.ActiveCfg = Debug|Win32
		{2013CE6A-B9D9-44BA-A9CC-0CF7FC0B8CD3}.Debug|x86.Build.0 = Debug|Win32
		{2013CE6A-B9D9-44BA-A9CC-0CF7FC0B8CD3}.Release|x64.ActiveCfg = Release|x64
		{2013CE6A-B9D9-44BA-A9CC-0CF7FC0B8CD3}.Release|x64.Build.0 = Release|x64
		{2013CE6A-B9D9-44BA-A9CC-0CF7FC0B8CD3}.Release|x86.ActiveCfg = Release|Win32
		{2013CE6A-B9D9-44BA-A9CC-0CF7FC0B8CD3}.Release|x86.Build.0 = Release|Win32
		{2E2025FB-4487-440F-BE29-14019CB2F1B3}.Debug|x64.ActiveCfg = Debug|x64
		{2E2025FB-4487-440F-BE29-14019CB2F1B3}.Debug|x64.Build.0 = Debug|x64
		{2E2025FB-4487-440F-BE29-14019CB2F1B3}.Debug|x86.ActiveCfg = Debug|Win32
		{2E2025FB-4487-440F-BE29-14019CB2F1B3}.Debug|x86.Build.0 = Debug|Win32
		{2E2025FB-4487-440F-BE29-14019CB2F1B3}.Release|x64.ActiveCfg = Release|x64
		{2E2025FB-4487-440F-BE29-14019CB2F1B3}.Release|x64.Build.0 = Release|x64
		{2E2025FB-4487-440F-BE29-14019CB2F1B3}.Release|x86.ActiveCfg = Release|Win32
		{2E2025FB-4487-440F-BE29-14019CB2F1B3}.Release|x86.Build.0 = Release|Win32
		{9F0E0C8C-3818-49FE-8EFB-4FF659141408}.Debug|x64.ActiveCfg = Debug|x64
		{9F0E0C8C-3818-49FE-8EFB-4FF659141408}.Debug|x64.Build.0 = Debug|x64
		{9F0E0C8C-3818-49FE-8EFB-4FF659141408}.Debug|x86.ActiveCfg = Debug|Win32
		{9F0E0C8C-3818-49FE-8EFB-4FF659141408}.Debug|x86.Build.0 = Debug|Win32
		{9F0E0C8C-3818-49FE-8EFB-4FF659141408}.Release|x64.ActiveCfg = Release|x64
		{9F0E0C8C-3818-49FE-8EFB-4FF659141408}.Release|x64.Build.0 = Release|x64
		{9F0E0C8C-3818-49FE-8EFB-4FF659141408}.Release|x86.ActiveCfg = Release|Win32
		{9F0E0C8C-3818-49FE-8EFB-4FF659141408}.Release|x86.Build.0 = Release|Win32
		{28DF571C-1AD0-4085-A3C1-D8CB263CEFDD}.Debug|x64.ActiveCfg = Debug|x64
		{28DF571C-1AD0-4085-A3C1-D8CB263CEFDD}.Debug|x64.Build.0 = Debug|x64
		{28DF571C-1AD0-4085-A3C1-D8CB263CEFDD}.Debug|x86.ActiveCfg = Debug|Win32
		{28DF571C-1AD0-4085-A3C1-D8CB263CEFDD}.Debug|x86.Build.0 = Debug|Win32
		{28DF571C-1AD0-4085-A3C1-D8CB263CEFDD}.Release|x64.ActiveCfg = Release|x64
		{28DF571C-1AD0-4085-A3C1-D8CB263CEFDD}.Release|x64.Build.0 = Release|x64
		{28DF571C-1AD0-4085-A3C1-D8CB263CEFDD}.Release|x86.ActiveCfg = Release|Win32
		{28DF571C-1AD0-4085-A3C1-D8CB263CEFDD}.Release|x86.Build.0 = Release|Win32
		{C6EF2C90-3110-478F-85A2-D963E690B1AD}.Debug|x64.ActiveCfg = Debug|x64
		{C6EF2C90-3110-478F-85A2-D963E690B1AD}.Debug|x64.Build.0 = Debug|x64
		{C6EF2C90-3110-478F-85A2-D963E690B1AD}.Debug|x86.ActiveCfg = Debug|Win32
		{C6EF2C90-3110-478F-85A2-D963E690B1AD}.Debug|x86.Build.0 = Debug|Win32
		{C6EF2C90-3110-478F-85A2-D963E690B1AD}.Release|x64.ActiveCfg = Release|x64
		{C6EF2C90-3110-478F-85A2-D963E690B1AD}.Release|x64.Build.0 = Release|x64
		{C6EF2C90-3110-478F-85A2-D963E690B1AD}.Release|x86.ActiveCfg = Release|Win32
		{C6EF2C90-3110-478F-85A2-D963E690B1AD}.Release|x86.Build.0 = Release|Win32
		{B122B608-CA01-4F68-B56D-C5869C90E7DA}.Debug|x64.ActiveCfg = Debug|x64
		{B122B608-CA01-4F68-B56D-C5869C90E7DA}.Debug|x64.Build.0 = Debug|x64
		{B122B608-CA01-4F68-B56D-C5869C90E7DA}.Debug|x86.ActiveCfg = Debug|Win32
		{B122B608-CA01-4F68-B56D-C5869C90E7DA}.Debug|x86.Build.0 = Debug|Win32
		{B122B608-CA01-4F68-B56D-C5869C90E7DA}.Release|x64.ActiveCfg = Release|x64
		{B122B608-CA01-4F68-B56D-C5869C90E7DA}.Release|x64.Build.0 = Release|x64
		{B122B608-CA01-4F68-B56D-C5869C90E7DA}.Release|x86.ActiveCfg = Release|Win32
		{B122B608-CA01-4F68-B56D-C5869C90E7DA}.Release|x86.Build.0 = Release|Win32
		{0F406C29-9915-4DB9-8B78-EB7885809966}.Debug|x64.ActiveCfg = Debug|x64
		{0F406C29-9915-4DB9-8B78-EB7885809966}.Debug|x64.Build.0 = Debug|x64
		{0F406C29-9915-4DB9-8B78-EB7885809966}.Debug|x86.ActiveCfg = Debug|Win32
		{0F406C29-9915-4DB9-8B78-EB7885809966}.Debug|x86.Build.0 = Debug|Win32
		{0F406C29-9915-4DB9-8B78-EB7885809966}.Release|x64.ActiveCfg = Release|x64
		{0F406C29-9915-4DB9-8B78-EB7885809966}.Release|x64.Build.0 = Release|x64
		{0F406C29-9915-4DB9-8B78-EB7885809966}.Release|x86.ActiveCfg = Release|Win32
		{0F406C29-9915-4DB9-8B78-EB7885809966}.Release|x86.Build.0 = Release|Win32
		{72F52281-C9D2-4202-B6C6-009BAC9B387A}.Debug|x64.ActiveCfg = Debug|x64
		{72F52281-C9D2-4202-B6C6-009BAC9B387A}.Debug|x64.Build.0 = Debug|x64
		{72F52281-C9D2-4202-B6C6-009BAC9B387A}.Debug|x86.ActiveCfg = Debug|Win32
		{72F52281-C9D2-4202-B6C6-009BAC9B387A}.Debug|x86.Build.0 = Debug|Win32
		{72F52281-C9D2-4202-B6C6-009BAC9B387A}.Release|x64.ActiveCfg = Release|x64
		{72F52281-C9D2-4202-B6C6-009BAC9B387A}.Release|x64.Build.0 = Release|x64
		{72F52281-C9D2-4202-B6C6-009BAC9B387A}.Release|x86.ActiveCfg = Release|Win32
		{72F52281-C9D2-4202-B6C6-009BAC9B387A}.Release|x86.Build.0 = Release|Win32
		{CB8EE2DF-E8FB-4A05-AF3C-1CD4F42586F6}.Debug|x64.ActiveCfg = Debug|x64
		{CB8EE2DF-E8FB-4A05-AF3C-1CD4F42586F6}.Debug|x64.Build.0 = Debug|x64
		{CB8EE2DF-E8FB-4A05-AF3C-1CD4F42586F6}.Debug|x86.ActiveCfg = Debug|Win32
		{CB8EE2DF-E8FB-4A05-AF3C-1CD4F42586F6}.Debug|x86.Build.0 = Debug|Win32
		{CB8EE2DF-E8FB-4A05-AF3C-1CD4F42586F6}.Release|x64.ActiveCfg = Release|x64
		{CB8EE2DF-E8FB-4A05-AF3C-1CD4F42586F6}.Release|x64.Build.0 = Release|x64
		{CB8EE2DF-E8FB-4A05-AF3C-1CD4F42586F6}.Release|x86.ActiveCfg = Release|Win32
		{CB8EE2DF-E8FB-4A05-AF3C-1CD4F42586F6}.Release|x86.Build.0 = Release|Win32
		{8DCD73D0-6FA9-485A-9AD6-7400CF6672E7}.Debug|x64.ActiveCfg = Debug|x64
		{8DCD73D0-6FA9-485A-9AD6-7400CF6672E7}.Debug|x64.Build.0 = Debug|x64
		{8DCD73D0-6FA9-485A-9AD6-7400CF6672E7}.Debug|x86.ActiveCfg = Debug|Win32
		{8DCD73D0-6FA9-485A-9AD6-7400CF6672E7}.Debug|x86.Build.0 = Debug|Win32
		{8DCD73D0-6FA9-485A-9AD6-7400CF6672E7}.Release|x64.ActiveCfg = Release|x64
		{8DCD73D0-6FA9-485A-9AD6-7400CF6672E7}.Release|x64.Build.0 = Release|x64
		{8DCD73D0-6FA9-485A-9AD6-7400CF6672E7}.Release|x86.ActiveCfg = Release|Win32
		{8DCD73D0-6FA9-485A-9AD6-7400CF6672E7}.Release|x86.Build.0 = Release|Win32
		{16156A16-9B5F-48A9-AAC3-CAABA6C81ED5}.Debug|x64.ActiveCfg = Debug|x64
		{16156A16-9B5F-48A9-AAC3-CAABA6C81ED5}.Debug|x64.Build.0 = Debug|x64
		{16156A16-9B5F-48A9-AAC3-CAABA6C81ED5}.Debug|x86.ActiveCfg = Debug|Win32
		{16156A16-9B5F-48A9-AAC3-CAABA6C81ED5}.Debug|x86.Build.0 = Debug|Win32
		{16156A16-9B5F-48A9-AAC3-CAABA6C81ED5}.Release|x64.ActiveCfg = Release|x64
		{16156A16-9B5F-48A9-AAC3-CAABA6C81ED5}.Release|x64.Build.0 = Release|x64
		{16156A16-9B5F-48A9-AAC3-CAABA6C81ED5}.Release|x86.ActiveCfg = Release|Win32
		{16156A16-9B5F-48A9-AAC3-CAABA6C81ED5}.Release|x86.Build.0 = Release|Win32
		{289FBCA6-C1D8-48F5-8B0F-F47D994301B2}.Debug|x64.ActiveCfg = Debug|x64
		{289FBCA6-C1D8-48F5-8B0F-F47D994301B2}.Debug|x64.Build.0 = Debug|x64
		{289FBCA6-C1D8-48F5-8B0F-F47D994301B2}.Debug|x86.ActiveCfg = Debug|Win32
		{289FBCA6-C1D8-48F5-8B0F-F47D994301B2}.Debug|x86.Build.0 = Debug|Win32
		{289FBCA6-C1D8-48F5-8B0F-F47D994301B2}.Release|x64.ActiveCfg = Release|x64
		{289FBCA6-C1D8-48F5-8B0F-F47D994301B2}.Release|x64.Build.0 = Release|x64
		{289FBCA6-C1D8-48F5-8B0F-F47D994301B2}.Release|x86.ActiveCfg = Release|Win32
		{289FBCA6-C1D8-48F5-8B0F-F47D994301B2}.Release|x86.Build.0 = Release|Win32
		{981C2A1A-83A0-48D9-8B4A-9ED93BC44D74}.Debug|x64.ActiveCfg = Debug|x64
		{981C2A1A-83A0-48D9-8B4A-9ED93BC44D74}.Debug|x64.Build.0 = Debug|x64
		{981C2A1A-83A0-48D9-8B4A-9ED93BC44D74}.Debug|x86.ActiveCfg = Debug|Win32
		{981C2A1A-83A0-48D9-8B4A-9ED93BC44D74}.Debug|x86.Build.0 = Debug|Win32
		{981C2A1A-83A0-48D9-8B4A-9ED93BC44D74}.Release|x64.ActiveCfg = Release|x64
		{981C2A1A-83A0-48D9-8B4A-9ED93BC44D74}.Release|x64.Build.0 = Release|x64
		{981C2A1A-83A0-48D9-8B4A-9ED93BC44D74}.Release|x86.ActiveCfg = Release|Win32
		{981C2A1A-83A0-48D9-8B4A-9ED93BC44D74}.Release|x86.Build.0 = Release|Win32
		{307D380A-2D42-46F7-AE5B-E8F3B77E255F}.Debug|x64.ActiveCfg = Debug|x64
		{307D380A-2D42-46F7-AE5B-E8F3B77E255F}.Debug|x64.Build.0 = Debug|x64
		{307D380A-2D42-46F7-AE5B-E8F3B77E255F}.Debug|x86.ActiveCfg = Debug|Win32
		{307D380A-2D42-46F7-AE5B-E8F3B77E255F}.Debug|x86.Build.0 = Debug|Win32
		{307D380A-2D42-46F7-AE5B-E8F3B77E255F}.Release|x64.ActiveCfg = Release|x64
		{307D380A-2D42-46F7-AE5B-E8F3B77E255F}.Release|x64.Build.0 = Release|x64
		{307D380A-2D42-46F7-AE5B-E8F3B77E255F}.Release|x86.ActiveCfg = Release|Win32
		{307D380A-2D42-46F7-AE5B-E8F3B77E255F}.Release|x86.Build.0 = Release|Win32
		{A0D32820-6F0D-4508-ACDE-C05EE87CBF05}.Debug|x64.ActiveCfg = Debug|x64
		{A0D32820-6F0D-4508-ACDE-C05EE87CBF05}.Debug|x64.Build.0 = Debug|x64
		{A0D32820-6F0D-4508-ACDE-C05EE87CBF05}.Debug|x86.ActiveCfg = Debug|Win32
		{A0D32820-6F0D-4508-ACDE-C05EE87CBF05}.Debug|x86.Build.0 = Debug|Win32
		{A0D32820-6F0D-4508-ACDE-C05EE87CBF05}.Release|x64.ActiveCfg = Release|x64
		{A0D32820-6F0D-4508-ACDE-C05EE87CBF05}.Release|x64.Build.0 = Release|x64
		{A0D32820-6F0D-4508-ACDE-C05EE87CBF05}.Release|x86.ActiveCfg = Release|Win32
		{A0D32820-6F0D-4508-ACDE-C05EE87CBF05}.Release|x86.Build.0 = Release|Win32
		{33DAB5C8-68D8-4C02-9A94-CBD9B8ABA398}.Debug|x64.ActiveCfg = Debug|x64
		{33DAB5C8-68D8-4C02-9A94-CBD9B8ABA398}.Debug|x64.Build.0 = Debug|x64
		{33DAB5C8-68D8-4C02-9A94-CBD9B8ABA398}.Debug|x86.ActiveCfg = Debug|Win32
		{33DAB5C8-68D8-4C02-9A94-CBD9B8ABA398}.Debug|x86.Build.0 = Debug|Win32
		{33DAB5C8-68D8-4C02-9A94-CBD9B8ABA398}.Release|x64.ActiveCfg = Release|x64
		{33DAB5C8-68D8-4C02-9A94-CBD9B8ABA398}.Release|x64.Build.0 = Release|x64
		{33DAB5C8-68D8-4C02-9A94-CBD9B8ABA398}.Release|x86.ActiveCfg = Release|Win32
		{33DAB5C8-68D8-4C02-9A94-CBD9B8ABA398}.Release|x86.Build.0 = Release|Win32
		{F4375E2B-B9DF-4BFA-8904-1D3A53C8D30F}.Debug|x64.ActiveCfg = Debug|x64
		{F4375E2B-B9DF-4BFA-8904-1D3A53C8D30F}.Debug|x64.Build.0 = Debug|x64
		{F4375E2B-B9DF-4BFA-8904-1D3A53C8D30F}.Debug|x86.ActiveCfg = Debug|Win32
		{F4375E2B-B9DF-4BFA-8904-1D3A53C8D30F}.Debug|x86.Build.0 = Debug|Win32
		{F4375E2B-B9DF-4BFA-8904-1D3A53C8D30F}.Release|x64.ActiveCfg = Release|x64
		{F4375E2B-B9DF-4BFA-8904-1D3A53C8D30F}.Release|x64.Build.0 = Release|x64
		{F4375E2B-B9DF-4BFA-8904-1D3A53C8D30F}.Release|x86.ActiveCfg = Release|Win32
		{F4375E2B-B9DF-4BFA-8904-1D3A53C8D30F}.Release|x86.Build.0 = Release|Win32
		{55BD9D98-51F6-4132-85E0-FE3A93968FCA}.Debug|x64.ActiveCfg = Debug|x64
		{55BD9D98-51F6-4132-85E0-FE3A93968FCA}.Debug|x64.Build.0 = Debug|x64
		{55BD9D98-51F6-4132-85E0-FE3A93968FCA}.Debug|x86.ActiveCfg = Debug|Win32
		{55BD9D98-51F6-4132-85E0-FE3A93968FCA}.Debug|x86.Build.0 = Debug|Win32
		{55BD9D98-51F6-4132-85E0-FE3A93968FCA}.Release|x64.ActiveCfg = Release|x64
		{55BD9D98-51F6-4132-85E0-FE3A93968FCA}.Release|x64.Build.0 = Release|x64
		{55BD9D98-51F6-4132-85E0-FE3A93968FCA}.Release|x86.ActiveCfg = Release|Win32
		{55BD9D98-51F6-4132-85E0-FE3A93968FCA}.Release|x86.Build.0 = Release|Win32
		{E9E94C86-DB53-407C-88C5-08CB7E902827}.Debug|x64.ActiveCfg = Debug|x64
		{E9E94C86-DB53-407C-88C5-08CB7E902827}.Debug|x64.Build.0 = Debug|x64
		{E9E94C86-DB53-407C-88C5-08CB7E902827}.Debug|x86.ActiveCfg = Debug|Win32
		{E9E94C86-DB53-407C-88C5-08CB7E902827}.Debug|x86.Build.0 = Debug|Win32
		{E9E94C86-DB53-407C-88C5-08CB7E902827}.Release|x64.ActiveCfg = Release|x64
		{E9E94C86-DB53-407C-88C5-08CB7E902827}.Release|x64.Build.0 = Release|x64
		{E9E94C86-DB53-407C-88C5-08CB7E902827}.Release|x86.ActiveCfg = Release|Win32
		{E9E94C86-DB53-407C-88C5-08CB7E902827}.Release|x86.Build.0 = Release|Win32
		{6D623D72-1873-4F37-BDBC-18EE15FAF704}.Debug|x64.ActiveCfg = Debug|x64
		{6D623D72-1873-4F37-BDBC-18EE15FAF704}.Debug|x64.Build.0 = Debug|x64
		{6D623D72-1873-4F37-BDBC-18EE15FAF704}.Debug|x86.ActiveCfg = Debug|Win32
		{6D623D72-1873-4F37-BDBC-18EE15FAF704}.Debug|x86.Build.0 = Debug|Win32
		{6D623D72-1873-4F37-BDBC-18EE15FAF704}.Release|x64.ActiveCfg = Release|x64
		{6D623D72-1873-4F37-BDBC-18EE15FAF704}.Release|x64.Build.0 = Release|x64
		{6D623D72-1873-4F37-BDBC-18EE15FAF704}.Release|x86.ActiveCfg = Release|Win32
		{6D623D72-1873-4F37-BDBC-18EE15FAF704}.Release|x86.Build.0 = Release|Win32
		{B95C99B6-AD38-41D1-B5FC-D5A234228F28}.Debug|x64.ActiveCfg = Debug|x64
		{B95C99B6-AD38-41D1-B5FC-D5A234228F28}.Debug|x64.Build.0 = Debug|x64
		{B95C99B6-AD38-41D1-B5FC-D5A234228F28}.Debug|x86.ActiveCfg = Debug|Win32
		{B95C99B6-AD38-41D1-B5FC-D5A234228F28}.Debug|x86.Build.0 = Debug|Win32
		{B95C99B6-AD38-41D1-B5FC-D5A234228F28}.Release|x64.ActiveCfg = Release|x64
		{B95C99B6-AD38-41D1-B5FC-D5A234228F28}.Release|x64.Build.0 = Release|x64
		{B95C99B6-AD38-41D1-B5FC-D5A234228F28}.Release|x86.ActiveCfg = Release|Win32
		{B95C99B6-AD38-41D1-B5FC-D5A234228F28}.Release|x86.Build.0 = Release|Win32
		{782A98B2-2D5B-43A4-8194-91357EB105F9}.Debug|x64.ActiveCfg = Debug|x64
		{782A98B2-2D5B-43A4-8194-91357EB105F9}.Debug|x64.Build.0 = Debug|x64
		{782A98B2-2D5B-43A4-8194-91357EB105F9}.Debug|x86.ActiveCfg = Debug|Win32
		{782A98B2-2D5B-43A4-8194-91357EB105F9}.Debug|x86.Build.0 = Debug|Win32
		{782A98B2-2D5B-43A4-8194-91357EB105F9}.Release|x64.ActiveCfg = Release|x64
		{782A98B2-2D5B-43A4-8194-91357EB105F9}.Release|x64.Build.0 = Release|x64
		{782A98B2-2D5B-43A4-8194-91357EB105F9}.Release|x86.ActiveCfg = Release|Win32
		{782A98B2-2D5B-43A4-8194-91357EB105F9}.Release|x86.Build.0 = Release|Win32
		{F0A6AC1B-96CA-4B2D-8DB7-2D9971490CE8}.Debug|x64.ActiveCfg = Debug|x64
		{F0A6AC1B-96CA-4B2D-8DB7-2D9971490CE8}.Debug|x64.Build.0 = Debug|x64
		{F0A6AC1B-96CA-4B2D-8DB7-2D9971490CE8}.Debug|x86.ActiveCfg = Debug|Win32
		{F0A6AC1B-96CA-4B2D-8DB7-2D9971490CE8}.Debug|x86.Build.0 = Debug|Win32
		{F0A6AC1B-96CA-4B2D-8DB7-2D9971490CE8}.Release|x64.ActiveCfg = Release|x64
		{F0A6AC1B-96CA-4B2D-8DB7-2D9971490CE8}.Release|x64.Build.0 = Release|x64
		{F0A6AC1B-96CA-4B2D-8DB7-2D9971490CE8}.Release|x86.ActiveCfg = Release|Win32
		{F0A6AC1B-96CA-4B2D-8DB7-2D9971490CE8}.Release|x86.Build.0 = Release|Win32
		{D6BBBAF3-880A-4256-9007-1F7355DDA1F5}.Debug|x64.ActiveCfg = Debug|x64
		{D6BBBAF3-880A-4256-9007-1F7355DDA1F5}.Debug|x64.Build.0 = Debug|x64
		{D6BBBAF3-880A-4256-9007-1F7355DDA1F5}.Debug|x86.ActiveCfg = Debug|Win32
		{D6BBBAF3-880A-4256-9007-1F7355DDA1F5}.Debug|x86.Build.0 = Debug|Win32
		{D6BBBAF3-880A-4256-9007-1F7355DDA1F5}.Release|x64.ActiveCfg = Release|x64
		{D6BBBAF3-880A-4256-9007-1F7355DDA1F5}.Release|x64.Build.0 = Release|x64
		{D6BBBAF3-880A-4256-9007-1F7355DDA1F5}.Release|x86.ActiveCfg = Release|Win32
		{D6BBBAF3-880A-4256-9007-1F7355DDA1F5}.Release|x86.Build.0 = Release|Win32
	EndGlobalSection
	GlobalSection(SolutionProperties) = preSolution
		HideSolutionNode = FALSE
	EndGlobalSection
	GlobalSection(ExtensibilityGlobals) = postSolution
		SolutionGuid = {BBCF7AEB-2903-45E5-B256-F4B61EB16F90}
	EndGlobalSection
EndGlobal
